{
    "name": "confusion-matrix-stats-node-js-example",
    "version": "1.0.0",
    "lockfileVersion": 1,
    "requires": true,
    "dependencies": {
        "@fullexpression/confusion-matrix-stats": {
            "version": "1.0.0",
            "resolved": "https://npm.pkg.github.com/download/@fullexpression/confusion-matrix-stats/1.0.0/b87dc48959b0ca6f81b09e787ac2078ea3d8eec52004abe26986535e4114d98c",
            "integrity": "sha512-nPxc5XMTDq81tj0sooytPu3wRo/7SknHVKawXZYoqpKvVBrqXU0wlXEFYbdgf+bMN3mjwKUjCXJaTJapkDko6Q=="
        }
    }
}
