{
    "name": "confusion-matrix-stats-node-js-example",
    "version": "1.0.0",
    "lockfileVersion": 1,
    "requires": true,
    "dependencies": {
        "@fullexpression/confusion-matrix-stats": {
            "version": "1.1.0",
            "resolved": "https://npm.pkg.github.com/download/@fullexpression/confusion-matrix-stats/1.1.0/666c2ea03e0122c77901634ee2c2b5d8f87638b3e906aaf33e64ef0812331d0f",
            "integrity": "sha512-eFabVs2HN8m5wgmdKbkwCuVR8KHO2g7HBIY89KIwN53mxNycJhXkzCgfgf3D7evG3GUc7jE5DxUjs4w6+uaFrw=="
        }
    }
}
