{
    "name": "confusion-matrix-stats-node-js-example",
    "version": "1.0.0",
    "lockfileVersion": 1,
    "requires": true,
    "dependencies": {
        "@fullexpression/confusion-matrix-stats": {
            "version": "1.0.0-alpha.1",
            "resolved": "https://npm.pkg.github.com/download/@fullexpression/confusion-matrix-stats/1.0.0-alpha.1/a96b38cf02fa18716af02cdca0cf847d8501d44361c7d61bc8aa1ee4e1a1607d",
            "integrity": "sha512-rswCs28iVXDn6P3N50IpbwF+Qd8BkNIjiXFLfWdJk8czbzfIemvE77SUXR9t7Nv8BweHjbOfkcuFjtPuG6uq1A=="
        }
    }
}
